
Microsoft Visual Studio Solution File, Format Version 12.00
# Visual Studio Version 17
VisualStudioVersion = 17.2.32602.215
MinimumVisualStudioVersion = 10.0.40219.1
Project("{FAE04EC0-301F-11D3-BF4B-00C04F79EFBC}") = "MVC-Intro-Demo", "MVC-Intro-Demo\MVC-Intro-Demo.csproj", "{72C1BA22-A5C7-4AFC-BB04-C4DB22A2B8EF}"
EndProject
Global
	GlobalSection(SolutionConfigurationPlatforms) = preSolution
		Debug|Any CPU = Debug|Any CPU
		Release|Any CPU = Release|Any CPU
	EndGlobalSection
	GlobalSection(ProjectConfigurationPlatforms) = postSolution
		{72C1BA22-A5C7-4AFC-BB04-C4DB22A2B8EF}.Debug|Any CPU.ActiveCfg = Debug|Any CPU
		{72C1BA22-A5C7-4AFC-BB04-C4DB22A2B8EF}.Debug|Any CPU.Build.0 = Debug|Any CPU
		{72C1BA22-A5C7-4AFC-BB04-C4DB22A2B8EF}.Release|Any CPU.ActiveCfg = Release|Any CPU
		{72C1BA22-A5C7-4AFC-BB04-C4DB22A2B8EF}.Release|Any CPU.Build.0 = Release|Any CPU
	EndGlobalSection
	GlobalSection(SolutionProperties) = preSolution
		HideSolutionNode = FALSE
	EndGlobalSection
	GlobalSection(ExtensibilityGlobals) = postSolution
		SolutionGuid = {012B0912-F7C9-4836-8F4E-FE04F8E24C5E}
	EndGlobalSection
EndGlobal
