
Microsoft Visual Studio Solution File, Format Version 12.00
# Visual Studio Version 16
VisualStudioVersion = 16.0.31702.278
MinimumVisualStudioVersion = 10.0.40219.1
Project("{9A19103F-16F7-4668-BE54-9A1E7A4F7556}") = "PlayersAndMonsters", "PlayersAndMonsters.csproj", "{617FFBAA-8CD1-4B7E-93B7-F00F79E51480}"
EndProject
Global
	GlobalSection(SolutionConfigurationPlatforms) = preSolution
		Debug|Any CPU = Debug|Any CPU
		Release|Any CPU = Release|Any CPU
	EndGlobalSection
	GlobalSection(ProjectConfigurationPlatforms) = postSolution
		{617FFBAA-8CD1-4B7E-93B7-F00F79E51480}.Debug|Any CPU.ActiveCfg = Debug|Any CPU
		{617FFBAA-8CD1-4B7E-93B7-F00F79E51480}.Debug|Any CPU.Build.0 = Debug|Any CPU
		{617FFBAA-8CD1-4B7E-93B7-F00F79E51480}.Release|Any CPU.ActiveCfg = Release|Any CPU
		{617FFBAA-8CD1-4B7E-93B7-F00F79E51480}.Release|Any CPU.Build.0 = Release|Any CPU
	EndGlobalSection
	GlobalSection(SolutionProperties) = preSolution
		HideSolutionNode = FALSE
	EndGlobalSection
	GlobalSection(ExtensibilityGlobals) = postSolution
		SolutionGuid = {4622E4E8-6092-4D70-A3DB-4EE525D43746}
	EndGlobalSection
EndGlobal
