
Microsoft Visual Studio Solution File, Format Version 12.00
# Visual Studio Version 16
VisualStudioVersion = 16.0.31702.278
MinimumVisualStudioVersion = 10.0.40219.1
Project("{FAE04EC0-301F-11D3-BF4B-00C04F79EFBC}") = "Inheritance", "Inheritance\Inheritance.csproj", "{7780BCEF-BF63-4782-A60E-924FF06BB443}"
EndProject
Global
	GlobalSection(SolutionConfigurationPlatforms) = preSolution
		Debug|Any CPU = Debug|Any CPU
		Release|Any CPU = Release|Any CPU
	EndGlobalSection
	GlobalSection(ProjectConfigurationPlatforms) = postSolution
		{7780BCEF-BF63-4782-A60E-924FF06BB443}.Debug|Any CPU.ActiveCfg = Debug|Any CPU
		{7780BCEF-BF63-4782-A60E-924FF06BB443}.Debug|Any CPU.Build.0 = Debug|Any CPU
		{7780BCEF-BF63-4782-A60E-924FF06BB443}.Release|Any CPU.ActiveCfg = Release|Any CPU
		{7780BCEF-BF63-4782-A60E-924FF06BB443}.Release|Any CPU.Build.0 = Release|Any CPU
	EndGlobalSection
	GlobalSection(SolutionProperties) = preSolution
		HideSolutionNode = FALSE
	EndGlobalSection
	GlobalSection(ExtensibilityGlobals) = postSolution
		SolutionGuid = {29B090DA-90D6-4172-B306-55DA58FC0E5B}
	EndGlobalSection
EndGlobal
